{
  "SurveyEntry": {
    "SurveyID": "SV_3VHgb01VFieC8Dz",
    "SurveyName": "PPM NEER - Diet Questionnaire - PROD",
    "SurveyDescription": null,
    "SurveyOwnerID": "UR_6gTkor673S0UxHD",
    "SurveyBrandID": "hms",
    "DivisionID": null,
    "SurveyLanguage": "EN",
    "SurveyActiveResponseSet": "RS_9NfdeNwriJH7ozP",
    "SurveyStatus": "Active",
    "SurveyStartDate": "0000-00-00 00:00:00",
    "SurveyExpirationDate": "0000-00-00 00:00:00",
    "SurveyCreationDate": "2020-02-07 04:33:20",
    "CreatorID": "UR_6gTkor673S0UxHD",
    "LastModified": "2021-02-19 08:40:54",
    "LastAccessed": "0000-00-00 00:00:00",
    "LastActivated": "2020-02-07 09:00:47",
    "Deleted": null
  },
  "SurveyElements": [
    {
      "SurveyID": "SV_3VHgb01VFieC8Dz",
      "Element": "BL",
      "PrimaryAttribute": "Survey Blocks",
      "SecondaryAttribute": null,
      "TertiaryAttribute": null,
      "Payload": [
        {
          "Type": "Default",
          "Description": "Default Question Block",
          "ID": "BL_4ToDKKOzC4iRFGd",
          "BlockElements": [
            {
              "Type": "Question",
              "QuestionID": "QID3"
            },
            {
              "Type": "Question",
              "QuestionID": "QID2"
            }
          ]
        },
        {
          "Type": "Trash",
          "Description": "Trash \/ Unused Questions",
          "ID": "BL_5zkiwVkTejIv79z",
          "BlockElements": []
        },
        {
          "Type": "Standard",
          "SubType": "",
          "Description": "Diet Currently",
          "ID": "BL_aYkh8B11QF3yjWd",
          "BlockElements": [
            {
              "Type": "Question",
              "QuestionID": "QID5"
            },
            {
              "Type": "Question",
              "QuestionID": "QID4"
            },
            {
              "Type": "Question",
              "QuestionID": "QID7"
            }
          ]
        },
        {
          "Type": "Standard",
          "SubType": "",
          "Description": "Diet Prior",
          "ID": "BL_1RZzelR850TiU3H",
          "BlockElements": [
            {
              "Type": "Question",
              "QuestionID": "QID23"
            },
            {
              "Type": "Question",
              "QuestionID": "QID9"
            }
          ]
        },
        {
          "Type": "Standard",
          "SubType": "",
          "Description": "Diet During",
          "ID": "BL_6LFJwM04ciDKqIl",
          "BlockElements": [
            {
              "Type": "Question",
              "QuestionID": "QID24"
            },
            {
              "Type": "Question",
              "QuestionID": "QID11"
            }
          ]
        },
        {
          "Type": "Standard",
          "SubType": "",
          "Description": "Diet Impact",
          "ID": "BL_dn8KdUQwOCRcpjT",
          "BlockElements": [
            {
              "Type": "Question",
              "QuestionID": "QID12"
            },
            {
              "Type": "Question",
              "QuestionID": "QID13"
            },
            {
              "Type": "Question",
              "QuestionID": "QID22"
            },
            {
              "Type": "Question",
              "QuestionID": "QID21"
            }
          ]
        },
        {
          "Type": "Standard",
          "SubType": "",
          "Description": "Vitamins and Supplements",
          "ID": "BL_79yEEkBKGHdcqAR",
          "BlockElements": [
            {
              "Type": "Question",
              "QuestionID": "QID14"
            },
            {
              "Type": "Question",
              "QuestionID": "QID25"
            },
            {
              "Type": "Question",
              "QuestionID": "QID26"
            },
            {
              "Type": "Question",
              "QuestionID": "QID27"
            },
            {
              "Type": "Question",
              "QuestionID": "QID15"
            },
            {
              "Type": "Question",
              "QuestionID": "QID16"
            },
            {
              "Type": "Question",
              "QuestionID": "QID18"
            }
          ]
        },
        {
          "Type": "Standard",
          "SubType": "",
          "Description": "Free Space",
          "ID": "BL_8oy4SlGyxq2ADGt",
          "BlockElements": [
            {
              "Type": "Question",
              "QuestionID": "QID19"
            }
          ]
        }
      ]
    },
    {
      "SurveyID": "SV_3VHgb01VFieC8Dz",
      "Element": "FL",
      "PrimaryAttribute": "Survey Flow",
      "SecondaryAttribute": null,
      "TertiaryAttribute": null,
      "Payload": {
        "Type": "Root",
        "FlowID": "FL_1",
        "Flow": [
          {
            "Type": "EmbeddedData",
            "FlowID": "FL_9",
            "EmbeddedData": [
              {
                "Description": "ppm_id",
                "Type": "Recipient",
                "Field": "ppm_id",
                "VariableType": "String",
                "DataVisibility": [],
                "AnalyzeText": false
              },
              {
                "Description": "ResponseID",
                "Type": "Recipient",
                "Field": "ResponseID",
                "VariableType": "String",
                "DataVisibility": [],
                "AnalyzeText": false
              },
              {
                "Description": "SurveyID",
                "Type": "Recipient",
                "Field": "SurveyID",
                "VariableType": "String",
                "DataVisibility": [],
                "AnalyzeText": false
              },
              {
                "Description": "Q_URL",
                "Type": "Recipient",
                "Field": "Q_URL",
                "VariableType": "String",
                "DataVisibility": [],
                "AnalyzeText": false
              },
              {
                "Description": "ppm_study",
                "Type": "Recipient",
                "Field": "ppm_study",
                "VariableType": "String",
                "DataVisibility": [],
                "AnalyzeText": false
              }
            ]
          },
          {
            "Type": "Block",
            "ID": "BL_4ToDKKOzC4iRFGd",
            "FlowID": "FL_2"
          },
          {
            "Type": "Standard",
            "ID": "BL_aYkh8B11QF3yjWd",
            "FlowID": "FL_3"
          },
          {
            "Type": "Standard",
            "ID": "BL_1RZzelR850TiU3H",
            "FlowID": "FL_4"
          },
          {
            "Type": "Standard",
            "ID": "BL_6LFJwM04ciDKqIl",
            "FlowID": "FL_5"
          },
          {
            "Type": "Standard",
            "ID": "BL_dn8KdUQwOCRcpjT",
            "FlowID": "FL_6"
          },
          {
            "Type": "Standard",
            "ID": "BL_79yEEkBKGHdcqAR",
            "FlowID": "FL_7"
          },
          {
            "Type": "Standard",
            "ID": "BL_8oy4SlGyxq2ADGt",
            "FlowID": "FL_8"
          },
          {
            "Type": "EndSurvey",
            "FlowID": "FL_11",
            "EndingType": "Default",
            "Options": {
              "Advanced": "",
              "SurveyTermination": "DisplayMessage",
              "EOSRedirectURL": "https:\/\/p2m2.dbmi.hms.harvard.edu\/dashboard\/neer\/?ppm_id=${e:\/\/Field\/ppm_id}&ppm_study=${e:\/\/Field\/ppm_study}&qualtrics_survey=${e:\/\/Field\/SurveyID}&response_id=${e:\/\/Field\/ResponseID}",
              "EOSMessageLibrary": "UR_6gTkor673S0UxHD",
              "EOSMessage": "MS_0qwvpMUN2Z6F3i5"
            }
          }
        ],
        "Properties": {
          "Count": 12,
          "RemovedFieldsets": []
        }
      }
    },
    {
      "SurveyID": "SV_3VHgb01VFieC8Dz",
      "Element": "SO",
      "PrimaryAttribute": "Survey Options",
      "SecondaryAttribute": null,
      "TertiaryAttribute": null,
      "Payload": {
        "BackButton": "true",
        "SaveAndContinue": "true",
        "SurveyProtection": "PublicSurvey",
        "BallotBoxStuffingPrevention": "false",
        "NoIndex": "Yes",
        "SecureResponseFiles": "true",
        "SurveyExpiration": null,
        "SurveyTermination": "Redirect",
        "Header": "",
        "Footer": "",
        "ProgressBarDisplay": "None",
        "PartialData": "+1 week",
        "ValidationMessage": null,
        "PreviousButton": " \u2190 ",
        "NextButton": " \u2192 ",
        "SkinLibrary": "hms",
        "SkinType": "MQ",
        "Skin": "hms3",
        "NewScoring": 1,
        "EOSMessage": "MS_0qwvpMUN2Z6F3i5",
        "ShowExportTags": "false",
        "CollectGeoLocation": "false",
        "SurveyTitle": "Online Survey Software | Qualtrics Survey Solutions",
        "SurveyMetaDescription": "Qualtrics sophisticated online survey software solutions make creating online surveys easy. Learn more about Research Suite and get a free account today.",
        "PasswordProtection": "No",
        "AnonymizeResponse": "No",
        "Password": "",
        "RefererCheck": "No",
        "RefererURL": "http:\/\/",
        "UseCustomSurveyLinkCompletedMessage": null,
        "SurveyLinkCompletedMessage": "",
        "SurveyLinkCompletedMessageLibrary": "",
        "ResponseSummary": "No",
        "EOSMessageLibrary": "UR_6gTkor673S0UxHD",
        "EOSRedirectURL": "https:\/\/p2m2.dbmi.hms.harvard.edu\/dashboard\/neer\/?qualtrics_survey=${e:\/\/Field\/SurveyID}&response_id=${e:\/\/Field\/ResponseID}&ppm_id=${e:\/\/Field\/ppm_id}&ppm_study=${e:\/\/Field\/ppm_study}&survey_url=${e:\/\/Field\/Q_URL}",
        "EmailThankYou": "false",
        "ThankYouEmailMessageLibrary": null,
        "ThankYouEmailMessage": null,
        "ValidateMessage": "false",
        "ValidationMessageLibrary": null,
        "InactiveSurvey": "DefaultMessage",
        "PartialDataCloseAfter": "LastActivity",
        "ActiveResponseSet": null,
        "InactiveMessageLibrary": "",
        "InactiveMessage": "",
        "AvailableLanguages": {
          "EN": []
        },
        "SurveyName": "PPM NEER - Diet Questionnaire - PROD",
        "libraryId": "",
        "nextButtonMid": "",
        "previousButtonMid": "",
        "headerMid": "",
        "footerMid": "",
        "QuestionsPerPage": "4",
        "PageTransition": "Fade",
        "Autofocus": "false",
        "Autoadvance": "false",
        "AutoadvancePages": "false",
        "CustomStyles": {
          "errorStyles": {
            "selector": ".Skin .ValidationError",
            "styles": {
              "color": null,
              "backgroundColor": null,
              "borderColor": null
            }
          },
          "errorStylesBG": {
            "selector": ".Skin .HeaderValidationError, .Skin .HeaderValidationError li a",
            "styles": {
              "color": null,
              "backgroundColor": null
            }
          },
          "pageStyles": {
            "selector": "#SurveyEngineBody",
            "styles": {
              "backgroundColor": null
            }
          },
          "textStyles": {
            "selector": ".SkinInner",
            "styles": {
              "fontFamily": null,
              "fontSize": null,
              "fontWeight": null,
              "fontStyle": null,
              "textDecoration": null,
              "color": null
            }
          },
          "questionStyles": {
            "selector": ".Skin .QuestionText",
            "styles": {
              "fontFamily": null,
              "fontSize": null,
              "fontWeight": null,
              "fontStyle": null,
              "textDecoration": null,
              "color": null
            }
          },
          "choiceStyles": {
            "selector": ".Skin .horizontalbar th.ylabel, .Skin .Matrix table td, .Skin .Matrix table th, .Skin .Matrix table thead th, .Skin .Matrix table thead td, .Skin .PGR .DragAndDrop .Items label, .Skin .QuestionBody ul.ChoiceStructure, .Skin .PGR .DragAndDrop .Group ul, .Skin .PGR .DragAndDrop .Group h2, .Skin .PGR .DragAndDrop .Items ul, .Skin .PGR .DragAndDrop .Items h2, .Skin .DD .QuestionBody table.ChoiceStructure, .Skin .PGR .DragAndDrop .NoColumns td.groupsContainerTd div ul, .Skin .PGR .DragAndDrop .NoColumns td.groupsContainerTd div h2, .Skin .SBS thead th, .Skin .SBS td, .Skin .SBS .Answers td, .Skin .SBS .Answers th, .SBS table.ChoiceStructure, .Skin .horizontalbar thead table.LabelDescriptions tr td, .Skin .horizontalbar thead tr td.NotApplicable, .QuestionBody th, .Skin .QuestionBody .MC .MAVR label, .Skin .QuestionBody .MC .SAVR label, .Skin .SBS thead th, .Skin .SBS td, .Skin .RO .DND ul li, .Skin .reg, .SkinInner .ChoiceStructure, .Skin thead, .Skin .GAP .ChoiceStructure thead th, .Skin .GAP .ChoiceStructure .c4, .Skin .GAP .ChoiceStructure th, .Skin .GAP .ChoiceStructure .WhyText, .SkinInner .ChoiceStructure .LightBG, .Skin .QuestionOuter.Highlight .Inner .reg, .Skin .QuestionOuter.Highlight .Inner .alt, .Skin .QuestionOuter.Highlight .Inner .ReadableAlt       ",
            "styles": {
              "fontFamily": null,
              "fontSize": null,
              "fontWeight": null,
              "fontStyle": null,
              "textDecoration": null,
              "color": null
            }
          },
          "headerStyles": {
            "selector": ".Skin div#Header",
            "styles": {
              "color": null
            }
          },
          "footerStyles": {
            "selector": ".Skin #Footer",
            "styles": {
              "color": null
            }
          },
          "questionSeparatorStyles": {
            "selector": ".Skin .Separator",
            "styles": {
              "backgroundColor": null,
              "display": "block"
            }
          },
          "highlightStyles": {
            "selector": ".Skin .QuestionOuter.Highlight .Inner, .Skin .QuestionOuter.Highlight .Inner .reg, .Skin .QuestionOuter.Highlight .Inner .alt, .Skin .QuestionOuter.Highlight .Inner .ReadableAlt",
            "styles": {
              "backgroundColor": null
            }
          },
          "highlightStylesAlt": {
            "selector": ".Skin .QuestionOuter.Highlight .Inner .ReadableAlt, .Skin .QuestionOuter.Highlight .Inner .LightBG",
            "styles": {
              "backgroundColor": null
            }
          },
          "textEntryStyles": {
            "selector": ".Skin select, .Skin .InputText",
            "styles": {
              "color": null
            }
          },
          "borderStyles": {
            "selector": ".Skin .CS .horizontalbar table.sliderGrid tr.xlabel th, .Skin .CS .horizontalbar .ylabel, .Skin .CS .horizontalbar table.sliderGrid tr td.value, .Skin .Slider .horizontalbar table.sliderGrid tr.xlabel th, .Skin .BorderColor, .Skin .DarkBorderColor, .Skin .Slider .horizontalbar table.sliderGrid tr td.value, .Skin thead, .Skin .GAP .ChoiceStructure thead th  ",
            "styles": {
              "borderColor": null
            }
          },
          "altRowStyles": {
            "selector": ".Skin .ReadableAlt, .Skin .LightBG",
            "styles": {
              "backgroundColor": null
            }
          },
          "customCSS": null
        },
        "HighlightQuestions": "off",
        "ProtectSelectionIds": true
      }
    },
    {
      "SurveyID": "SV_3VHgb01VFieC8Dz",
      "Element": "SCO",
      "PrimaryAttribute": "Scoring",
      "SecondaryAttribute": null,
      "TertiaryAttribute": null,
      "Payload": {
        "ScoringCategories": [],
        "ScoringCategoryGroups": [],
        "ScoringSummaryCategory": null,
        "ScoringSummaryAfterQuestions": 0,
        "ScoringSummaryAfterSurvey": 0,
        "DefaultScoringCategory": null,
        "AutoScoringCategory": null
      }
    },
    {
      "SurveyID": "SV_3VHgb01VFieC8Dz",
      "Element": "PROJ",
      "PrimaryAttribute": "CORE",
      "SecondaryAttribute": null,
      "TertiaryAttribute": "1.1.0",
      "Payload": {
        "ProjectCategory": "CORE",
        "SchemaVersion": "1.1.0"
      }
    },
    {
      "SurveyID": "SV_3VHgb01VFieC8Dz",
      "Element": "STAT",
      "PrimaryAttribute": "Survey Statistics",
      "SecondaryAttribute": null,
      "TertiaryAttribute": null,
      "Payload": {
        "MobileCompatible": true,
        "ID": "Survey Statistics"
      }
    },
    {
      "SurveyID": "SV_3VHgb01VFieC8Dz",
      "Element": "QC",
      "PrimaryAttribute": "Survey Question Count",
      "SecondaryAttribute": "27",
      "TertiaryAttribute": null,
      "Payload": null
    },
    {
      "SurveyID": "SV_3VHgb01VFieC8Dz",
      "Element": "SQ",
      "PrimaryAttribute": "QID21",
      "SecondaryAttribute": "Are you currently following any specific diet to reduce your chances of cancer recurrence?",
      "TertiaryAttribute": null,
      "Payload": {
        "QuestionText": "Are you currently following any specific diet to reduce your chances of cancer recurrence?",
        "DataExportTag": "Q13",
        "QuestionType": "MC",
        "Selector": "SAVR",
        "SubSelector": "TX",
        "Configuration": {
          "QuestionDescriptionOption": "UseText"
        },
        "QuestionDescription": "Are you currently following any specific diet to reduce your chances of cancer recurrence?",
        "Choices": {
          "1": {
            "Display": "Yes"
          },
          "2": {
            "Display": "No"
          }
        },
        "ChoiceOrder": [
          "1",
          "2"
        ],
        "Validation": {
          "Settings": {
            "ForceResponse": "OFF",
            "ForceResponseType": "ON",
            "Type": "None"
          }
        },
        "Language": [],
        "NextChoiceId": 4,
        "NextAnswerId": 1,
        "QuestionID": "QID21",
        "DataVisibility": {
          "Private": false,
          "Hidden": false
        },
        "QuestionText_Unsafe": "Are you currently following any specific diet to reduce your chances of cancer recurrence?"
      }
    },
    {
      "SurveyID": "SV_3VHgb01VFieC8Dz",
      "Element": "RS",
      "PrimaryAttribute": "RS_9NfdeNwriJH7ozP",
      "SecondaryAttribute": "Default Response Set",
      "TertiaryAttribute": null,
      "Payload": null
    },
    {
      "SurveyID": "SV_3VHgb01VFieC8Dz",
      "Element": "SQ",
      "PrimaryAttribute": "QID22",
      "SecondaryAttribute": "Did you change your diet as a supplement or alternative to traditional cancer therapy?",
      "TertiaryAttribute": null,
      "Payload": {
        "QuestionText": "Did you change your diet as a supplement or alternative to traditional cancer therapy?",
        "DataExportTag": "Q12",
        "QuestionType": "MC",
        "Selector": "SAVR",
        "SubSelector": "TX",
        "Configuration": {
          "QuestionDescriptionOption": "UseText"
        },
        "QuestionDescription": "Did you change your diet as a supplement or alternative to traditional cancer therapy?",
        "Choices": {
          "1": {
            "Display": "Yes"
          },
          "2": {
            "Display": "No"
          }
        },
        "ChoiceOrder": [
          "1",
          "2"
        ],
        "Validation": {
          "Settings": {
            "ForceResponse": "OFF",
            "ForceResponseType": "ON",
            "Type": "None"
          }
        },
        "Language": [],
        "NextChoiceId": 4,
        "NextAnswerId": 1,
        "QuestionID": "QID22",
        "QuestionText_Unsafe": "Did you change your diet as a supplement or alternative to traditional cancer therapy?"
      }
    },
    {
      "SurveyID": "SV_3VHgb01VFieC8Dz",
      "Element": "SQ",
      "PrimaryAttribute": "QID24",
      "SecondaryAttribute": "Did you\u00a0follow any specific diet\u00a0during\u00a0your cancer experience?",
      "TertiaryAttribute": null,
      "Payload": {
        "QuestionText": "Did you<span style=\"font-weight: bolder;\">&nbsp;<\/span>follow any specific diet&nbsp;<span style=\"font-weight: bolder;\">during<\/span>&nbsp;your cancer experience?",
        "DataExportTag": "Q8",
        "QuestionType": "MC",
        "Selector": "MAVR",
        "SubSelector": "TX",
        "DataVisibility": {
          "Private": false,
          "Hidden": false
        },
        "Configuration": {
          "QuestionDescriptionOption": "UseText"
        },
        "QuestionDescription": "Did you\u00a0follow any specific diet\u00a0during\u00a0your cancer experience?",
        "Choices": {
          "1": {
            "Display": "Gluten free"
          },
          "2": {
            "Display": "Lactose free"
          },
          "3": {
            "Display": "High protein"
          },
          "4": {
            "Display": "Vegan"
          },
          "5": {
            "Display": "Vegetarian"
          },
          "6": {
            "Display": "Kosher"
          },
          "7": {
            "Display": "Pescatarian"
          },
          "8": {
            "Display": "High Fiber"
          },
          "9": {
            "Display": "Low-Carb"
          },
          "10": {
            "Display": "Zone Diet"
          },
          "11": {
            "Display": "Plant Based"
          },
          "12": {
            "Display": "Low Calorie"
          },
          "13": {
            "Display": "Low Fat"
          },
          "14": {
            "Display": "Paleo"
          },
          "15": {
            "Display": "Mediterranean"
          },
          "16": {
            "Display": "Anti-angiogenic"
          },
          "17": {
            "Display": "Other"
          },
          "18": {
            "Display": "Blood type"
          },
          "26": {
            "Display": "Gerson"
          },
          "27": {
            "Display": "Anti-inflammatory"
          },
          "28": {
            "Display": "Raw food"
          },
          "29": {
            "Display": "Ketogenic"
          },
          "30": {
            "Display": "Budwig"
          },
          "31": {
            "Display": "Whole30"
          },
          "40": {
            "Display": "Organic\/majority organic"
          }
        },
        "ChoiceOrder": [
          1,
          2,
          3,
          4,
          5,
          6,
          7,
          8,
          9,
          10,
          11,
          12,
          13,
          14,
          15,
          16,
          "18",
          "26",
          "27",
          "28",
          "29",
          "30",
          "31",
          "40",
          17
        ],
        "Validation": {
          "Settings": {
            "ForceResponse": "OFF",
            "ForceResponseType": "ON",
            "Type": "None"
          }
        },
        "Language": [],
        "NextChoiceId": 41,
        "NextAnswerId": 1,
        "QuestionID": "QID24",
        "QuestionText_Unsafe": "Did you<span style=\"font-weight: bolder;\">&nbsp;<\/span>follow any specific diet&nbsp;<span style=\"font-weight: bolder;\">during<\/span>&nbsp;your cancer experience?"
      }
    },
    {
      "SurveyID": "SV_3VHgb01VFieC8Dz",
      "Element": "SQ",
      "PrimaryAttribute": "QID23",
      "SecondaryAttribute": "Did you\u00a0follow any specific diet\u00a0prior\u00a0to your cancer diagnosis?",
      "TertiaryAttribute": null,
      "Payload": {
        "QuestionText": "Did you<span style=\"font-weight: bolder;\">&nbsp;<\/span>follow any specific diet&nbsp;<span style=\"font-weight: bolder;\">prior<\/span>&nbsp;to your cancer diagnosis?",
        "DataExportTag": "Q6",
        "QuestionType": "MC",
        "Selector": "MAVR",
        "SubSelector": "TX",
        "DataVisibility": {
          "Private": false,
          "Hidden": false
        },
        "Configuration": {
          "QuestionDescriptionOption": "UseText"
        },
        "QuestionDescription": "Did you\u00a0follow any specific diet\u00a0prior\u00a0to your cancer diagnosis?",
        "Choices": {
          "1": {
            "Display": "Gluten free"
          },
          "2": {
            "Display": "Lactose free"
          },
          "3": {
            "Display": "High protein"
          },
          "4": {
            "Display": "Vegan"
          },
          "5": {
            "Display": "Vegetarian"
          },
          "6": {
            "Display": "Kosher"
          },
          "7": {
            "Display": "Pescatarian"
          },
          "8": {
            "Display": "High Fiber"
          },
          "9": {
            "Display": "Low-Carb"
          },
          "10": {
            "Display": "Zone Diet"
          },
          "11": {
            "Display": "Plant Based"
          },
          "12": {
            "Display": "Low Calorie"
          },
          "13": {
            "Display": "Low Fat"
          },
          "14": {
            "Display": "Paleo"
          },
          "15": {
            "Display": "Mediterranean"
          },
          "16": {
            "Display": "Anti-angiogenic"
          },
          "17": {
            "Display": "Other"
          },
          "18": {
            "Display": "Blood type"
          },
          "26": {
            "Display": "Gerson"
          },
          "27": {
            "Display": "Anti-inflammatory"
          },
          "28": {
            "Display": "Raw food"
          },
          "29": {
            "Display": "Ketogenic"
          },
          "30": {
            "Display": "Budwig"
          },
          "31": {
            "Display": "Whole30"
          },
          "40": {
            "Display": "Organic\/majority organic"
          }
        },
        "ChoiceOrder": [
          1,
          2,
          3,
          4,
          5,
          6,
          7,
          8,
          9,
          10,
          11,
          12,
          13,
          14,
          15,
          16,
          "18",
          "26",
          "27",
          "28",
          "29",
          "30",
          "31",
          "40",
          17
        ],
        "Validation": {
          "Settings": {
            "ForceResponse": "OFF",
            "ForceResponseType": "ON",
            "Type": "None"
          }
        },
        "Language": [],
        "NextChoiceId": 41,
        "NextAnswerId": 1,
        "QuestionID": "QID23",
        "QuestionText_Unsafe": "Did you<span style=\"font-weight: bolder;\">&nbsp;<\/span>follow any specific diet&nbsp;<span style=\"font-weight: bolder;\">prior<\/span>&nbsp;to your cancer diagnosis?"
      }
    },
    {
      "SurveyID": "SV_3VHgb01VFieC8Dz",
      "Element": "SQ",
      "PrimaryAttribute": "QID12",
      "SecondaryAttribute": "Do you believe your diet had a significant impact on your cancer treatment outcome, or served as...",
      "TertiaryAttribute": null,
      "Payload": {
        "QuestionText": "Do you believe your diet had a significant impact on your cancer treatment outcome, or served as a significant part of your treatment?",
        "DataExportTag": "Q10",
        "QuestionType": "MC",
        "Selector": "SAVR",
        "SubSelector": "TX",
        "Configuration": {
          "QuestionDescriptionOption": "UseText"
        },
        "QuestionDescription": "Do you believe your diet had a significant impact on your cancer treatment outcome, or served as...",
        "Choices": {
          "1": {
            "Display": "Yes"
          },
          "2": {
            "Display": "No"
          }
        },
        "ChoiceOrder": [
          1,
          2
        ],
        "Validation": {
          "Settings": {
            "ForceResponse": "OFF",
            "ForceResponseType": "ON",
            "Type": "None"
          }
        },
        "Language": [],
        "NextChoiceId": 3,
        "NextAnswerId": 1,
        "QuestionID": "QID12",
        "DataVisibility": {
          "Private": false,
          "Hidden": false
        },
        "QuestionText_Unsafe": "Do you believe your diet had a significant impact on your cancer treatment outcome, or served as a significant part of your treatment?"
      }
    },
    {
      "SurveyID": "SV_3VHgb01VFieC8Dz",
      "Element": "SQ",
      "PrimaryAttribute": "QID4",
      "SecondaryAttribute": "Do you currently follow any specific diet?",
      "TertiaryAttribute": null,
      "Payload": {
        "QuestionText": "Do you <b>currently <\/b>follow any specific diet?",
        "DataExportTag": "Q4",
        "QuestionType": "MC",
        "Selector": "MAVR",
        "SubSelector": "TX",
        "Configuration": {
          "QuestionDescriptionOption": "UseText"
        },
        "QuestionDescription": "Do you currently follow any specific diet?",
        "Choices": {
          "1": {
            "Display": "Gluten free"
          },
          "2": {
            "Display": "Lactose free"
          },
          "3": {
            "Display": "High protein"
          },
          "4": {
            "Display": "Vegan"
          },
          "5": {
            "Display": "Vegetarian"
          },
          "6": {
            "Display": "Kosher"
          },
          "7": {
            "Display": "Pescatarian"
          },
          "8": {
            "Display": "High Fiber"
          },
          "9": {
            "Display": "Low-Carb"
          },
          "10": {
            "Display": "Zone Diet"
          },
          "11": {
            "Display": "Plant Based"
          },
          "12": {
            "Display": "Low Calorie"
          },
          "13": {
            "Display": "Low Fat"
          },
          "14": {
            "Display": "Paleo"
          },
          "15": {
            "Display": "Mediterranean"
          },
          "16": {
            "Display": "Anti-angiogenic"
          },
          "17": {
            "Display": "Other"
          },
          "18": {
            "Display": "Blood type"
          },
          "26": {
            "Display": "Gerson"
          },
          "27": {
            "Display": "Anti-inflammatory"
          },
          "28": {
            "Display": "Raw food"
          },
          "29": {
            "Display": "Ketogenic"
          },
          "30": {
            "Display": "Budwig"
          },
          "31": {
            "Display": "Whole30"
          },
          "40": {
            "Display": "Organic\/majority organic"
          }
        },
        "ChoiceOrder": [
          1,
          2,
          3,
          4,
          5,
          6,
          7,
          8,
          9,
          10,
          11,
          12,
          13,
          14,
          15,
          16,
          "18",
          "26",
          "27",
          "28",
          "29",
          "30",
          "31",
          "40",
          17
        ],
        "Validation": {
          "Settings": {
            "ForceResponse": "OFF",
            "ForceResponseType": "ON",
            "Type": "None"
          }
        },
        "Language": [],
        "NextChoiceId": 42,
        "NextAnswerId": 1,
        "QuestionID": "QID4",
        "DataVisibility": {
          "Private": false,
          "Hidden": false
        },
        "QuestionText_Unsafe": "Do you <b>currently <\/b>follow any specific diet?"
      }
    },
    {
      "SurveyID": "SV_3VHgb01VFieC8Dz",
      "Element": "SQ",
      "PrimaryAttribute": "QID2",
      "SecondaryAttribute": "First, we need to identify who is completing this survey.\u00a0 Please enter your name.",
      "TertiaryAttribute": null,
      "Payload": {
        "QuestionText": "First, we need to identify who is completing this survey.&nbsp;<div><br><\/div><div>Please enter your name.<\/div>",
        "DefaultChoices": false,
        "DataExportTag": "Q2",
        "QuestionType": "TE",
        "Selector": "SL",
        "DataVisibility": {
          "Private": false,
          "Hidden": false
        },
        "Configuration": {
          "QuestionDescriptionOption": "UseText"
        },
        "QuestionDescription": "First, we need to identify who is completing this survey.\u00a0 Please enter your name.",
        "Validation": {
          "Settings": {
            "ForceResponse": "ON",
            "ForceResponseType": "ON",
            "Type": "None"
          }
        },
        "GradingData": [],
        "Language": [],
        "NextChoiceId": 4,
        "NextAnswerId": 1,
        "SearchSource": {
          "AllowFreeResponse": "false"
        },
        "QuestionID": "QID2",
        "QuestionText_Unsafe": "First, we need to identify who is completing this survey.&nbsp;<div><br><\/div><div>Please enter your name.<\/div>"
      }
    },
    {
      "SurveyID": "SV_3VHgb01VFieC8Dz",
      "Element": "SQ",
      "PrimaryAttribute": "QID16",
      "SecondaryAttribute": "Next we would like to capture some information about any weight loss, exercise or athletic supple...",
      "TertiaryAttribute": null,
      "Payload": {
        "QuestionText": "Next we would like to capture some information about any weight loss, exercise or athletic supplements you regularly ingested at three time periods: prior to diagnosis, during treatment, and currently.<br><br>Please select all that apply.",
        "DefaultChoices": false,
        "DataExportTag": "Q16",
        "QuestionType": "Matrix",
        "Selector": "Likert",
        "SubSelector": "MultipleAnswer",
        "DataVisibility": {
          "Private": false,
          "Hidden": false
        },
        "Configuration": {
          "QuestionDescriptionOption": "UseText",
          "TextPosition": "inline",
          "ChoiceColumnWidth": 25,
          "RepeatHeaders": "none",
          "WhiteSpace": "OFF",
          "MobileFirst": true
        },
        "QuestionDescription": "Next we would like to capture some information about any weight loss, exercise or athletic supple...",
        "Choices": {
          "1": {
            "Display": "Anabolic Steroids"
          },
          "2": {
            "Display": "Chitosan"
          },
          "3": {
            "Display": "Coleus forskohlii (forskolin)"
          },
          "4": {
            "Display": "Conjugated linoleic acid"
          },
          "5": {
            "Display": "Diet pills"
          },
          "6": {
            "Display": "Ephedra"
          },
          "7": {
            "Display": "Fucoxanthin"
          },
          "8": {
            "Display": "Garcinia cambogia (hydroxycitric acid)"
          },
          "9": {
            "Display": "Green coffee bean extract"
          },
          "10": {
            "Display": "Guar gum"
          },
          "11": {
            "Display": "Guarana"
          },
          "12": {
            "Display": "Hoodia"
          },
          "13": {
            "Display": "Kola nut (or cola nut)"
          },
          "14": {
            "Display": "Pyruvate"
          },
          "15": {
            "Display": "Raspberry Ketone"
          },
          "16": {
            "Display": "White kidney bean (Phaseolus vulgaris)"
          },
          "17": {
            "Display": "Yerba mate (mate)"
          }
        },
        "ChoiceOrder": [
          1,
          2,
          3,
          4,
          5,
          6,
          7,
          8,
          9,
          10,
          11,
          12,
          13,
          14,
          15,
          16,
          17
        ],
        "Validation": {
          "Settings": {
            "ForceResponse": "OFF",
            "ForceResponseType": "ON",
            "Type": "None"
          }
        },
        "GradingData": [],
        "Language": [],
        "NextChoiceId": 18,
        "NextAnswerId": 4,
        "Answers": {
          "1": {
            "Display": "Prior to Diagnosis"
          },
          "2": {
            "Display": "During Treatment"
          },
          "3": {
            "Display": "Currently Taking"
          }
        },
        "AnswerOrder": [
          1,
          2,
          3
        ],
        "ChoiceDataExportTags": false,
        "QuestionID": "QID16",
        "QuestionText_Unsafe": "Next we would like to capture some information about any weight loss, exercise or athletic supplements you regularly ingested at three time periods: prior to diagnosis, during treatment, and currently.<br><br>Please select all that apply."
      }
    },
    {
      "SurveyID": "SV_3VHgb01VFieC8Dz",
      "Element": "SQ",
      "PrimaryAttribute": "QID15",
      "SecondaryAttribute": "Next we would like to capture some information about the herbal supplements you regularly ingeste...",
      "TertiaryAttribute": null,
      "Payload": {
        "QuestionText": "Next we would like to capture some information about the herbal supplements you regularly ingested at three time periods: prior to diagnosis, during treatment, and currently.<br><br>Please note that our next survey on Complimentary and Alternative Medicines (CAM) will further address cannabis and herbal medicine use, so it has intentionally been omitted here.<br><br>Please select all that apply. Please note, some of these are common food items. Please indicate use only if intended for medicinal purposes.",
        "DefaultChoices": false,
        "DataExportTag": "Q15",
        "QuestionType": "Matrix",
        "Selector": "Likert",
        "SubSelector": "MultipleAnswer",
        "DataVisibility": {
          "Private": false,
          "Hidden": false
        },
        "Configuration": {
          "QuestionDescriptionOption": "UseText",
          "TextPosition": "inline",
          "ChoiceColumnWidth": 25,
          "RepeatHeaders": "none",
          "WhiteSpace": "OFF",
          "MobileFirst": true
        },
        "QuestionDescription": "Next we would like to capture some information about the herbal supplements you regularly ingeste...",
        "Choices": {
          "1": {
            "Display": "Acai"
          },
          "2": {
            "Display": "Aloe Vera"
          },
          "3": {
            "Display": "Astragalus"
          },
          "4": {
            "Display": "Bilberry"
          },
          "5": {
            "Display": "Bitter Orange"
          },
          "6": {
            "Display": "Black Cohosh"
          },
          "7": {
            "Display": "Bromelain"
          },
          "8": {
            "Display": "Butterbur"
          },
          "9": {
            "Display": "Caffeine"
          },
          "10": {
            "Display": "Cartilage (Bovine\/Shark)"
          },
          "11": {
            "Display": "Cat's Claw"
          },
          "12": {
            "Display": "Chamomile"
          },
          "13": {
            "Display": "Chasteberry"
          },
          "14": {
            "Display": "Cinnamon"
          },
          "15": {
            "Display": "Cranberry"
          },
          "16": {
            "Display": "Dandelion"
          },
          "17": {
            "Display": "Echinacea"
          },
          "18": {
            "Display": "Essiac\/Flor-Essence"
          },
          "19": {
            "Display": "European Elder"
          },
          "20": {
            "Display": "Evening Primrose Oil"
          },
          "21": {
            "Display": "Fenugreek"
          },
          "22": {
            "Display": "Feverfew"
          },
          "23": {
            "Display": "Fish Oil"
          },
          "24": {
            "Display": "Flaxseed"
          },
          "25": {
            "Display": "Garlic"
          },
          "26": {
            "Display": "Ginger"
          },
          "27": {
            "Display": "Gingko"
          },
          "28": {
            "Display": "Ginseng"
          },
          "29": {
            "Display": "Glucomannan"
          },
          "30": {
            "Display": "Goldenseal"
          },
          "31": {
            "Display": "Grape Seed Extract"
          },
          "32": {
            "Display": "Green Tea"
          },
          "33": {
            "Display": "Hawthorn"
          },
          "34": {
            "Display": "Amla"
          },
          "35": {
            "Display": "Apricot Kernels"
          },
          "36": {
            "Display": "Black seed oil"
          },
          "37": {
            "Display": "Boswelia"
          },
          "38": {
            "Display": "Curcumin (turmeric)"
          },
          "39": {
            "Display": "Moringa"
          },
          "40": {
            "Display": "Mushrooms"
          },
          "41": {
            "Display": "Black Raspberries"
          }
        },
        "ChoiceOrder": [
          1,
          2,
          "34",
          "35",
          3,
          4,
          5,
          6,
          "41",
          "36",
          "37",
          7,
          8,
          9,
          10,
          11,
          12,
          13,
          14,
          15,
          "38",
          16,
          17,
          18,
          19,
          20,
          21,
          22,
          23,
          24,
          25,
          26,
          27,
          28,
          29,
          30,
          31,
          32,
          33,
          "39",
          "40"
        ],
        "Validation": {
          "Settings": {
            "ForceResponse": "OFF",
            "ForceResponseType": "ON",
            "Type": "None"
          }
        },
        "GradingData": [],
        "Language": [],
        "NextChoiceId": 44,
        "NextAnswerId": 4,
        "Answers": {
          "1": {
            "Display": "Prior to Diagnosis"
          },
          "2": {
            "Display": "During Treatment"
          },
          "3": {
            "Display": "Currently Taking"
          }
        },
        "AnswerOrder": [
          1,
          2,
          3
        ],
        "ChoiceDataExportTags": false,
        "QuestionID": "QID15",
        "QuestionText_Unsafe": "Next we would like to capture some information about the herbal supplements you regularly ingested at three time periods: prior to diagnosis, during treatment, and currently.<br><br>Please note that our next survey on Complimentary and Alternative Medicines (CAM) will further address cannabis and herbal medicine use, so it has intentionally been omitted here.<br><br>Please select all that apply. Please note, some of these are common food items. Please indicate use only if intended for medicinal purposes."
      }
    },
    {
      "SurveyID": "SV_3VHgb01VFieC8Dz",
      "Element": "SQ",
      "PrimaryAttribute": "QID14",
      "SecondaryAttribute": "Next we would like to capture some information about the vitamins you regularly ingested at three...",
      "TertiaryAttribute": null,
      "Payload": {
        "QuestionText": "Next we would like to capture some information about the vitamins you regularly ingested at three time periods: prior to diagnosis, during treatment, and currently.<br><br>Please select all that apply.",
        "DefaultChoices": false,
        "DataExportTag": "Q14",
        "QuestionID": "QID14",
        "QuestionType": "Matrix",
        "Selector": "Likert",
        "SubSelector": "MultipleAnswer",
        "Configuration": {
          "QuestionDescriptionOption": "UseText",
          "TextPosition": "inline",
          "ChoiceColumnWidth": 25,
          "RepeatHeaders": "none",
          "WhiteSpace": "OFF",
          "MobileFirst": true
        },
        "QuestionDescription": "Next we would like to capture some information about the vitamins you regularly ingested at three...",
        "Choices": {
          "1": {
            "Display": "Vitamin A"
          },
          "2": {
            "Display": "Biotin"
          },
          "3": {
            "Display": "Vitamin B1"
          },
          "4": {
            "Display": "Vitamin B12"
          },
          "5": {
            "Display": "Vitamin B2"
          },
          "6": {
            "Display": "Vitamin B6"
          },
          "7": {
            "Display": "Calcium"
          },
          "8": {
            "Display": "Carnitine"
          },
          "9": {
            "Display": "Choline"
          },
          "10": {
            "Display": "Chondroitin"
          },
          "11": {
            "Display": "Chromium"
          },
          "12": {
            "Display": "Coenzyme Q10"
          },
          "13": {
            "Display": "Colloidal Silver"
          },
          "14": {
            "Display": "Copper"
          },
          "15": {
            "Display": "Vitamin C"
          },
          "16": {
            "Display": "Vitamin D"
          },
          "17": {
            "Display": "Vitamin E"
          },
          "18": {
            "Display": "Fluoride"
          },
          "19": {
            "Display": "Folate"
          },
          "20": {
            "Display": "Glucosamine"
          },
          "21": {
            "Display": "Iodine"
          },
          "22": {
            "Display": "Iron"
          },
          "23": {
            "Display": "Vitamin K"
          },
          "24": {
            "Display": "Magnesium"
          },
          "25": {
            "Display": "Melatonin"
          },
          "26": {
            "Display": "Multivitamin"
          },
          "27": {
            "Display": "Niacin"
          },
          "28": {
            "Display": "Omega-3 Fatty Acids"
          },
          "29": {
            "Display": "Pantothenic Acid"
          },
          "30": {
            "Display": "Phosphorus"
          },
          "31": {
            "Display": "Potassium"
          },
          "32": {
            "Display": "Probiotics"
          },
          "33": {
            "Display": "Riboflavin"
          },
          "34": {
            "Display": "Beta-glucan"
          },
          "35": {
            "Display": "Enzymes\/Whole Foods"
          },
          "36": {
            "Display": "Quercetin"
          },
          "37": {
            "Display": "Selenium"
          },
          "38": {
            "Display": "Prebiotics"
          },
          "39": {
            "Display": "Zinc"
          }
        },
        "ChoiceOrder": [
          1,
          3,
          4,
          5,
          6,
          "34",
          2,
          7,
          8,
          9,
          10,
          11,
          12,
          13,
          14,
          15,
          16,
          17,
          "35",
          18,
          19,
          20,
          21,
          22,
          23,
          24,
          25,
          26,
          27,
          28,
          29,
          30,
          31,
          "38",
          32,
          "36",
          33,
          "37",
          "39"
        ],
        "Validation": {
          "Settings": {
            "ForceResponse": "OFF",
            "ForceResponseType": "ON",
            "Type": "None"
          }
        },
        "GradingData": [],
        "Language": [],
        "NextChoiceId": 40,
        "NextAnswerId": 4,
        "Answers": {
          "1": {
            "Display": "Prior to Diagnosis"
          },
          "2": {
            "Display": "During Treatment"
          },
          "3": {
            "Display": "Currently Taking"
          }
        },
        "AnswerOrder": [
          1,
          2,
          3
        ],
        "ChoiceDataExportTags": false,
        "DataVisibility": {
          "Private": false,
          "Hidden": false
        },
        "QuestionText_Unsafe": "Next we would like to capture some information about the vitamins you regularly ingested at three time periods: prior to diagnosis, during treatment, and currently.<br><br>Please select all that apply."
      }
    },
    {
      "SurveyID": "SV_3VHgb01VFieC8Dz",
      "Element": "SQ",
      "PrimaryAttribute": "QID18",
      "SecondaryAttribute": "Please report any vitamins or supplements we have not included here and indicate when you took ea...",
      "TertiaryAttribute": null,
      "Payload": {
        "QuestionText": "Please report any vitamins or supplements we have not included here and indicate when you took each (prior to diagnosis, during treatment, currently).",
        "DefaultChoices": false,
        "DataExportTag": "Q17",
        "QuestionType": "TE",
        "Selector": "SL",
        "Configuration": {
          "QuestionDescriptionOption": "UseText"
        },
        "QuestionDescription": "Please report any vitamins or supplements we have not included here and indicate when you took ea...",
        "Validation": {
          "Settings": {
            "ForceResponse": "OFF",
            "ForceResponseType": "ON",
            "Type": "None"
          }
        },
        "GradingData": [],
        "Language": [],
        "NextChoiceId": 4,
        "NextAnswerId": 1,
        "SearchSource": {
          "AllowFreeResponse": "false"
        },
        "QuestionID": "QID18",
        "DataVisibility": {
          "Private": false,
          "Hidden": false
        },
        "QuestionText_Unsafe": "Please indicate any vitamins or supplements we have not included here and indicate when you took each (prior to diagnosis, during treatment, currently)."
      }
    },
    {
      "SurveyID": "SV_3VHgb01VFieC8Dz",
      "Element": "SQ",
      "PrimaryAttribute": "QID19",
      "SecondaryAttribute": "Please use this space to share any other information you find important about your diet in relati...",
      "TertiaryAttribute": null,
      "Payload": {
        "QuestionText": "Please use this space to share any other information you find important about your diet in relation to your cancer experience.&nbsp;",
        "DefaultChoices": false,
        "DataExportTag": "Q18",
        "QuestionType": "TE",
        "Selector": "ESTB",
        "Configuration": {
          "QuestionDescriptionOption": "UseText",
          "InputWidth": 586,
          "InputHeight": 143
        },
        "QuestionDescription": "Please use this space to share any other information you find important about your diet in relati...",
        "Validation": {
          "Settings": {
            "ForceResponse": "OFF",
            "ForceResponseType": "ON",
            "Type": "None"
          }
        },
        "GradingData": [],
        "Language": [],
        "NextChoiceId": 4,
        "NextAnswerId": 1,
        "SearchSource": {
          "AllowFreeResponse": "false"
        },
        "QuestionID": "QID19",
        "QuestionText_Unsafe": "Please use this space to share any other information you find important about your diet in relation to your cancer experience.&nbsp;"
      }
    },
    {
      "SurveyID": "SV_3VHgb01VFieC8Dz",
      "Element": "SQ",
      "PrimaryAttribute": "QID3",
      "SecondaryAttribute": "This questionnaire is designed to find out about your diet over the duration of your cancer exper...",
      "TertiaryAttribute": null,
      "Payload": {
        "QuestionText": "This questionnaire is designed to find out about your diet over the duration of your cancer experience. We will be gathering information on your diet and supplements prior to diagnosis, during treatment, and currently.<div><br><\/div><div><div>For the purposes of this survey, we are defining your<strong>&nbsp;cancer experience&nbsp;<\/strong>as the point of diagnosis throughout the conclusion of active treatment. If you have had multiple cancer experiences, please base these responses on the diagnosis and response that qualified you for this study.&nbsp;&nbsp;<strong>For any further questions, contact Maggie Vella at margaret_vella@hms.harvard.edu.<\/strong><\/div><div><br><\/div><div>Please note that our next survey on Complimentary and Alternative Medicines (CAM) will further address cannabis and herbal medicine use, so it has intentionally been omitted here.<\/div><div><br><\/div><div>You will be able to click through and return to the pages of this survey. Unfortunately, you will not be able to return to your responses and edit at a later session. We estimate this survey will take about&nbsp;<span style=\"font-weight: 700;\">ten minutes to complete.&nbsp;<\/span><\/div><div><br><\/div><div>Please try to answer every question. Your answers will be treated as strictly confidential and will be used only for medical research.<\/div><\/div>",
        "DefaultChoices": false,
        "DataExportTag": "Q1",
        "QuestionType": "DB",
        "Selector": "TB",
        "DataVisibility": {
          "Private": false,
          "Hidden": false
        },
        "Configuration": {
          "QuestionDescriptionOption": "UseText"
        },
        "QuestionDescription": "This questionnaire is designed to find out about your diet over the duration of your cancer exper...",
        "ChoiceOrder": [],
        "Validation": {
          "Settings": {
            "Type": "None"
          }
        },
        "GradingData": [],
        "Language": [],
        "NextChoiceId": 4,
        "NextAnswerId": 1,
        "QuestionID": "QID3",
        "QuestionText_Unsafe": "This questionnaire is designed to find out about your diet over the duration of your cancer experience. We will be gathering information on your diet and supplements prior to diagnosis, during treatment, and currently.<div><br><\/div><div><div>For the purposes of this survey, we are defining your<strong>&nbsp;cancer experience&nbsp;<\/strong>as the point of diagnosis throughout the conclusion of active treatment. If you have had multiple cancer experiences, please base these responses on the diagnosis and response that qualified you for this study.&nbsp;&nbsp;<strong>For any further questions, contact Maggie Vella at margaret_vella@hms.harvard.edu.<\/strong><\/div><div><br><\/div><div>Please note that our next survey on Complimentary and Alternative Medicines (CAM) will further address cannabis and herbal medicine use, so it has intentionally been omitted here.<\/div><div><br><\/div><div>You will be able to click through and return to the pages of this survey. Unfortunately, you will not be able to return to your responses and edit at a later session. We estimate this survey will take about&nbsp;<span style=\"font-weight: 700;\">ten minutes to complete.&nbsp;<\/span><\/div><div><br><\/div><div>Please try to answer every question. Your answers will be treated as strictly confidential and will be used only for medical research.<\/div><\/div>"
      }
    },
    {
      "SurveyID": "SV_3VHgb01VFieC8Dz",
      "Element": "SQ",
      "PrimaryAttribute": "QID5",
      "SecondaryAttribute": "We will ask about your eating habits before, during, and after your diagnosis. Please try to answ...",
      "TertiaryAttribute": null,
      "Payload": {
        "QuestionText": "We will ask about your eating habits before, during, and after your diagnosis. Please try to answer these to the best of your ability.",
        "DefaultChoices": false,
        "DataExportTag": "Q3",
        "QuestionType": "DB",
        "Selector": "TB",
        "Configuration": {
          "QuestionDescriptionOption": "UseText"
        },
        "QuestionDescription": "We will ask about your eating habits before, during, and after your diagnosis. Please try to answ...",
        "ChoiceOrder": [],
        "Validation": {
          "Settings": {
            "Type": "None"
          }
        },
        "GradingData": [],
        "Language": [],
        "NextChoiceId": 4,
        "NextAnswerId": 1,
        "QuestionID": "QID5",
        "QuestionText_Unsafe": "First we will ask about your eating habits before, during, and after your diagnosis. Please try to answer these to the best of your ability.",
        "DataVisibility": {
          "Private": false,
          "Hidden": false
        }
      }
    },
    {
      "SurveyID": "SV_3VHgb01VFieC8Dz",
      "Element": "SQ",
      "PrimaryAttribute": "QID7",
      "SecondaryAttribute": "You have selected \"other.\" Please describe your current diet.",
      "TertiaryAttribute": null,
      "Payload": {
        "QuestionText": "You have selected \"other.\" Please describe your current diet.",
        "DefaultChoices": false,
        "DataExportTag": "Q5",
        "QuestionType": "TE",
        "Selector": "SL",
        "Configuration": {
          "QuestionDescriptionOption": "UseText"
        },
        "QuestionDescription": "You have selected \"other.\" Please describe your current diet.",
        "Validation": {
          "Settings": {
            "ForceResponse": "OFF",
            "ForceResponseType": "ON",
            "Type": "None"
          }
        },
        "GradingData": [],
        "Language": [],
        "NextChoiceId": 4,
        "NextAnswerId": 1,
        "SearchSource": {
          "AllowFreeResponse": "false"
        },
        "QuestionID": "QID7",
        "DataVisibility": {
          "Private": false,
          "Hidden": false
        },
        "DisplayLogic": {
          "0": {
            "0": {
              "LogicType": "Question",
              "QuestionID": "QID4",
              "QuestionIsInLoop": "no",
              "ChoiceLocator": "q:\/\/QID4\/SelectableChoice\/17",
              "Operator": "Selected",
              "QuestionIDFromLocator": "QID4",
              "LeftOperand": "q:\/\/QID4\/SelectableChoice\/17",
              "Type": "Expression",
              "Description": "<span class=\"ConjDesc\">If<\/span> <span class=\"QuestionDesc\">Do you currently follow any specific diet?<\/span> <span class=\"LeftOpDesc\">Other<\/span> <span class=\"OpDesc\">Is Selected<\/span> "
            },
            "Type": "If"
          },
          "Type": "BooleanExpression",
          "inPage": false
        },
        "QuestionText_Unsafe": "Please describe your diet"
      }
    },
    {
      "SurveyID": "SV_3VHgb01VFieC8Dz",
      "Element": "SQ",
      "PrimaryAttribute": "QID11",
      "SecondaryAttribute": "You have selected \"other.\" Please describe your diet during your cancer experience.",
      "TertiaryAttribute": null,
      "Payload": {
        "QuestionText": "You have selected \"other.\" Please describe your diet during your cancer experience.",
        "DefaultChoices": false,
        "DataExportTag": "Q9",
        "QuestionType": "TE",
        "Selector": "SL",
        "DataVisibility": {
          "Private": false,
          "Hidden": false
        },
        "Configuration": {
          "QuestionDescriptionOption": "UseText"
        },
        "QuestionDescription": "You have selected \"other.\" Please describe your diet during your cancer experience.",
        "Validation": {
          "Settings": {
            "ForceResponse": "OFF",
            "ForceResponseType": "ON",
            "Type": "None"
          }
        },
        "GradingData": [],
        "Language": [],
        "NextChoiceId": 4,
        "NextAnswerId": 1,
        "SearchSource": {
          "AllowFreeResponse": "false"
        },
        "QuestionID": "QID11",
        "DisplayLogic": {
          "0": {
            "0": {
              "LogicType": "Question",
              "QuestionID": "QID24",
              "QuestionIsInLoop": "no",
              "ChoiceLocator": "q:\/\/QID24\/SelectableChoice\/17",
              "Operator": "Selected",
              "QuestionIDFromLocator": "QID24",
              "LeftOperand": "q:\/\/QID24\/SelectableChoice\/17",
              "Type": "Expression",
              "Description": "<span class=\"ConjDesc\">If<\/span> <span class=\"QuestionDesc\">Did you&nbsp;follow any specific diet&nbsp;during&nbsp;your cancer experience?<\/span> <span class=\"LeftOpDesc\">Other<\/span> <span class=\"OpDesc\">Is Selected<\/span> "
            },
            "Type": "If"
          },
          "Type": "BooleanExpression",
          "inPage": false
        },
        "QuestionText_Unsafe": "Please describe your diet"
      }
    },
    {
      "SurveyID": "SV_3VHgb01VFieC8Dz",
      "Element": "SQ",
      "PrimaryAttribute": "QID9",
      "SecondaryAttribute": "You have selected \"other.\" Please describe your diet prior to your cancer experience.",
      "TertiaryAttribute": null,
      "Payload": {
        "QuestionText": "You have selected \"other.\" Please describe your diet prior to your cancer experience.",
        "DefaultChoices": false,
        "DataExportTag": "Q7",
        "QuestionType": "TE",
        "Selector": "SL",
        "DataVisibility": {
          "Private": false,
          "Hidden": false
        },
        "Configuration": {
          "QuestionDescriptionOption": "UseText"
        },
        "QuestionDescription": "You have selected \"other.\" Please describe your diet prior to your cancer experience.",
        "Validation": {
          "Settings": {
            "ForceResponse": "OFF",
            "ForceResponseType": "ON",
            "Type": "None"
          }
        },
        "GradingData": [],
        "Language": [],
        "NextChoiceId": 4,
        "NextAnswerId": 1,
        "SearchSource": {
          "AllowFreeResponse": "false"
        },
        "QuestionID": "QID9",
        "DisplayLogic": {
          "0": {
            "0": {
              "LogicType": "Question",
              "QuestionID": "QID23",
              "QuestionIsInLoop": "no",
              "ChoiceLocator": "q:\/\/QID23\/SelectableChoice\/17",
              "Operator": "Selected",
              "QuestionIDFromLocator": "QID23",
              "LeftOperand": "q:\/\/QID23\/SelectableChoice\/17",
              "Type": "Expression",
              "Description": "<span class=\"ConjDesc\">If<\/span> <span class=\"QuestionDesc\">Did you&nbsp;follow any specific diet&nbsp;prior&nbsp;to your cancer diagnosis?<\/span> <span class=\"LeftOpDesc\">Other<\/span> <span class=\"OpDesc\">Is Selected<\/span> "
            },
            "Type": "If"
          },
          "Type": "BooleanExpression",
          "inPage": false
        },
        "QuestionText_Unsafe": "Please describe your diet"
      }
    },
    {
      "SurveyID": "SV_3VHgb01VFieC8Dz",
      "Element": "SQ",
      "PrimaryAttribute": "QID27",
      "SecondaryAttribute": "You indicated use of enzymes\/whole foods currently. Please specify:",
      "TertiaryAttribute": null,
      "Payload": {
        "QuestionText": "You indicated use of enzymes\/whole foods currently. Please specify:",
        "DefaultChoices": false,
        "DataExportTag": "Q21",
        "QuestionType": "TE",
        "Selector": "SL",
        "Configuration": {
          "QuestionDescriptionOption": "UseText"
        },
        "QuestionDescription": "You indicated use of enzymes\/whole foods currently. Please specify:",
        "Validation": {
          "Settings": {
            "ForceResponse": "OFF",
            "ForceResponseType": "ON",
            "Type": "None"
          }
        },
        "GradingData": [],
        "Language": [],
        "NextChoiceId": 4,
        "NextAnswerId": 1,
        "SearchSource": {
          "AllowFreeResponse": "false"
        },
        "QuestionID": "QID27",
        "DisplayLogic": {
          "0": {
            "0": {
              "LogicType": "Question",
              "QuestionID": "QID14",
              "QuestionIsInLoop": "no",
              "ChoiceLocator": "q:\/\/QID14\/SelectableChoice\/35\/3",
              "Operator": "Selected",
              "QuestionIDFromLocator": "QID14",
              "LeftOperand": "q:\/\/QID14\/SelectableChoice\/35\/3",
              "Type": "Expression",
              "Description": "<span class=\"ConjDesc\">If<\/span> <span class=\"QuestionDesc\">Next we would like to capture some information about the vitamins you regularly ingested at three...<\/span> <span class=\"LeftOpDesc\">Enzymes\/Whole Foods - Currently Taking<\/span> <span class=\"OpDesc\">Is Selected<\/span> "
            },
            "Type": "If"
          },
          "Type": "BooleanExpression",
          "inPage": false
        }
      }
    },
    {
      "SurveyID": "SV_3VHgb01VFieC8Dz",
      "Element": "SQ",
      "PrimaryAttribute": "QID26",
      "SecondaryAttribute": "You indicated use of enzymes\/whole foods during treatment. Please specify:",
      "TertiaryAttribute": null,
      "Payload": {
        "QuestionText": "You indicated use of enzymes\/whole foods during treatment. Please specify:",
        "DefaultChoices": false,
        "DataExportTag": "Q20",
        "QuestionID": "QID26",
        "QuestionType": "TE",
        "Selector": "SL",
        "Configuration": {
          "QuestionDescriptionOption": "UseText"
        },
        "QuestionDescription": "You indicated use of enzymes\/whole foods during treatment. Please specify:",
        "Validation": {
          "Settings": {
            "ForceResponse": "OFF",
            "ForceResponseType": "ON",
            "Type": "None"
          }
        },
        "GradingData": [],
        "Language": [],
        "NextChoiceId": 4,
        "NextAnswerId": 1,
        "SearchSource": {
          "AllowFreeResponse": "false"
        },
        "DisplayLogic": {
          "0": {
            "0": {
              "LogicType": "Question",
              "QuestionID": "QID14",
              "QuestionIsInLoop": "no",
              "ChoiceLocator": "q:\/\/QID14\/SelectableChoice\/35\/2",
              "Operator": "Selected",
              "QuestionIDFromLocator": "QID14",
              "LeftOperand": "q:\/\/QID14\/SelectableChoice\/35\/2",
              "Type": "Expression",
              "Description": "<span class=\"ConjDesc\">If<\/span> <span class=\"QuestionDesc\">Next we would like to capture some information about the vitamins you regularly ingested at three...<\/span> <span class=\"LeftOpDesc\">Enzymes\/Whole Foods - During Treatment<\/span> <span class=\"OpDesc\">Is Selected<\/span> "
            },
            "Type": "If"
          },
          "Type": "BooleanExpression",
          "inPage": false
        }
      }
    },
    {
      "SurveyID": "SV_3VHgb01VFieC8Dz",
      "Element": "SQ",
      "PrimaryAttribute": "QID25",
      "SecondaryAttribute": "You indicated use of enzymes\/whole foods prior to diagnosis. Please specify:",
      "TertiaryAttribute": null,
      "Payload": {
        "QuestionText": "You indicated use of enzymes\/whole foods prior to diagnosis. Please specify:",
        "DefaultChoices": false,
        "DataExportTag": "Q19",
        "QuestionType": "TE",
        "Selector": "SL",
        "Configuration": {
          "QuestionDescriptionOption": "UseText"
        },
        "QuestionDescription": "You indicated use of enzymes\/whole foods prior to diagnosis. Please specify:",
        "Validation": {
          "Settings": {
            "ForceResponse": "OFF",
            "ForceResponseType": "ON",
            "Type": "None"
          }
        },
        "GradingData": [],
        "Language": [],
        "NextChoiceId": 4,
        "NextAnswerId": 1,
        "SearchSource": {
          "AllowFreeResponse": "false"
        },
        "QuestionID": "QID25",
        "DisplayLogic": {
          "0": {
            "0": {
              "LogicType": "Question",
              "QuestionID": "QID14",
              "QuestionIsInLoop": "no",
              "ChoiceLocator": "q:\/\/QID14\/SelectableChoice\/35\/1",
              "Operator": "Selected",
              "QuestionIDFromLocator": "QID14",
              "LeftOperand": "q:\/\/QID14\/SelectableChoice\/35\/1",
              "Type": "Expression",
              "Description": "<span class=\"ConjDesc\">If<\/span> <span class=\"QuestionDesc\">Next we would like to capture some information about the vitamins you regularly ingested at three...<\/span> <span class=\"LeftOpDesc\">Enzymes\/Whole Foods - Prior to Diagnosis<\/span> <span class=\"OpDesc\">Is Selected<\/span> "
            },
            "Type": "If"
          },
          "Type": "BooleanExpression",
          "inPage": false
        }
      }
    },
    {
      "SurveyID": "SV_3VHgb01VFieC8Dz",
      "Element": "SQ",
      "PrimaryAttribute": "QID13",
      "SecondaryAttribute": "You indicated yes in the previous question. Please explain your rationale",
      "TertiaryAttribute": null,
      "Payload": {
        "QuestionText": "You indicated yes in the previous question. Please explain your rationale",
        "DefaultChoices": false,
        "DataExportTag": "Q11",
        "QuestionType": "TE",
        "Selector": "ESTB",
        "Configuration": {
          "QuestionDescriptionOption": "UseText"
        },
        "QuestionDescription": "You indicated yes in the previous question. Please explain your rationale",
        "Validation": {
          "Settings": {
            "ForceResponse": "OFF",
            "ForceResponseType": "ON",
            "Type": "None"
          }
        },
        "GradingData": [],
        "Language": [],
        "NextChoiceId": 4,
        "NextAnswerId": 1,
        "SearchSource": {
          "AllowFreeResponse": "false"
        },
        "QuestionID": "QID13",
        "DataVisibility": {
          "Private": false,
          "Hidden": false
        },
        "DisplayLogic": {
          "0": {
            "0": {
              "LogicType": "Question",
              "QuestionID": "QID12",
              "QuestionIsInLoop": "no",
              "ChoiceLocator": "q:\/\/QID12\/SelectableChoice\/1",
              "Operator": "Selected",
              "QuestionIDFromLocator": "QID12",
              "LeftOperand": "q:\/\/QID12\/SelectableChoice\/1",
              "Type": "Expression",
              "Description": "<span class=\"ConjDesc\">If<\/span> <span class=\"QuestionDesc\">Do you believe your diet had a significant impact on your cancer treatment outcome, or served as...<\/span> <span class=\"LeftOpDesc\">Yes<\/span> <span class=\"OpDesc\">Is Selected<\/span> "
            },
            "Type": "If"
          },
          "Type": "BooleanExpression",
          "inPage": false
        },
        "QuestionText_Unsafe": "If yes, please explain your rationale"
      }
    },
    {
      "SurveyID": "SV_3VHgb01VFieC8Dz",
      "Element": "OCAC",
      "PrimaryAttribute": "OCAC_3CE4Ic1R5v2ULOa",
      "SecondaryAttribute": "OC_1ocY23mGmSQmEZX",
      "TertiaryAttribute": "WebService",
      "Payload": {
        "outcomeId": "OC_1ocY23mGmSQmEZX",
        "contextId": "SV_3VHgb01VFieC8Dz",
        "taskRegistryId": "WebService",
        "version": "2",
        "triggerAction": "WebService",
        "requestType": "POST",
        "contentType": "JSON",
        "authId": -1,
        "authName": "None",
        "url": "https:\/\/p2m2.dbmi.hms.harvard.edu\/sources\/api\/qualtrics\/response\/",
        "dependencies": [],
        "keyValues": {
          "ppm_study": "${e:\/\/Field\/ppm_study}",
          "ppm_id": "${e:\/\/Field\/ppm_id}",
          "survey_id": "${e:\/\/Field\/SurveyID}",
          "response_id": "${e:\/\/Field\/ResponseID}"
        },
        "headers": {
          "X-PPM-TOKEN": "803925a57c004dc1922a1715b5f73ab4"
        },
        "name": "POST https:\/\/p2m2.dbmi.hms.harvard.edu\/sources\/api\/qualtrics\/response\/",
        "authUser": {
          "userId": "UR_6gTkor673S0UxHD",
          "brandId": "hms"
        },
        "ownerObject": {
          "orgId": "hms",
          "userId": "UR_6gTkor673S0UxHD"
        },
        "actionId": "OCAC_3CE4Ic1R5v2ULOa",
        "surveyId": "SV_3VHgb01VFieC8Dz",
        "createdAt": 1581507222487,
        "taskNumber": 1,
        "elementConfigured": true,
        "id": "PLUG_7b318b05-433e-4e0c-bef8-520ebe5a0c9a",
        "replacementAppId": "APP_42a7f4b6-bb84-4c66-94cc-e3e1208e62bf",
        "icon": "https:\/\/www.xm-apps-static.com\/assets-stage\/v1\/APP_42a7f4b6-bb84-4c66-94cc-e3e1208e62bf\/1.0.1\/HkFThd8rahViMbKQ\/images\/logo-small.png",
        "updatedAt": 1604928166546
      }
    },
    {
      "SurveyID": "SV_3VHgb01VFieC8Dz",
      "Element": "TR",
      "PrimaryAttribute": "OC_1ocY23mGmSQmEZX",
      "SecondaryAttribute": null,
      "TertiaryAttribute": "OnSurveyResponse",
      "Payload": {
        "Name": "New Action(1)",
        "EventType": "OnSurveyResponse",
        "Type": "OnSurveyComplete",
        "LogicV2": {
          "type": "always",
          "children": []
        },
        "EventData": {
          "fields": []
        },
        "eventContext": {
          "operations": [
            "CREATE",
            "UPDATE"
          ]
        },
        "branches": [],
        "Loops": [],
        "elementConfigured": true,
        "disabled": false,
        "TriggerAction": "Outcome",
        "logicCompleted": true,
        "unconfigured": false
      }
    }
  ]
}
